
Microsoft Visual Studio Solution File, Format Version 12.00
# Visual Studio Version 17
VisualStudioVersion = 17.5.002.0
MinimumVisualStudioVersion = 10.0.40219.1
Project("{2150E333-8FDC-42A3-9474-1A3956D46DE8}") = "csharp-prep", "csharp-prep", "{51DAA4D5-8DEC-4B0B-9054-C04AE6953501}"
EndProject
Project("{9A19103F-16F7-4668-BE54-9A1E7A4F7556}") = "Prep1", "csharp-prep\Prep1\Prep1.csproj", "{B25DA065-B1E4-41E7-AF14-C5B8B26DC6FF}"
EndProject
Project("{9A19103F-16F7-4668-BE54-9A1E7A4F7556}") = "Prep2", "csharp-prep\Prep2\Prep2.csproj", "{A9AA2A24-DC16-4AC2-8BD2-C0EB0274C262}"
EndProject
Project("{9A19103F-16F7-4668-BE54-9A1E7A4F7556}") = "Prep3", "csharp-prep\Prep3\Prep3.csproj", "{55B090C1-5283-4B66-80BA-4D5B92A10057}"
EndProject
Project("{9A19103F-16F7-4668-BE54-9A1E7A4F7556}") = "Prep4", "csharp-prep\Prep4\Prep4.csproj", "{0F92C067-2185-4A65-A5FA-D8D0E17D6473}"
EndProject
Project("{9A19103F-16F7-4668-BE54-9A1E7A4F7556}") = "Prep5", "csharp-prep\Prep5\Prep5.csproj", "{B22FFB66-5D3B-4B28-A9C7-9BF4F33B525C}"
EndProject
Project("{2150E333-8FDC-42A3-9474-1A3956D46DE8}") = "final", "final", "{BBD7AE55-144A-43F9-92DD-59FBB19BDD69}"
EndProject
Project("{9A19103F-16F7-4668-BE54-9A1E7A4F7556}") = "FinalProject", "final\FinalProject\FinalProject.csproj", "{F007258C-378B-4158-96C5-4D38E994B965}"
EndProject
Project("{9A19103F-16F7-4668-BE54-9A1E7A4F7556}") = "Foundation1", "final\Foundation1\Foundation1.csproj", "{904993DB-553A-4745-9B93-C25D2AB68A1B}"
EndProject
Project("{9A19103F-16F7-4668-BE54-9A1E7A4F7556}") = "Foundation2", "final\Foundation2\Foundation2.csproj", "{4098F39B-C4A9-464D-8936-F392DBDBB8A7}"
EndProject
Project("{9A19103F-16F7-4668-BE54-9A1E7A4F7556}") = "Foundation3", "final\Foundation3\Foundation3.csproj", "{F99A09AD-2015-4BAA-B005-706BEB6E5B85}"
EndProject
Project("{9A19103F-16F7-4668-BE54-9A1E7A4F7556}") = "Foundation4", "final\Foundation4\Foundation4.csproj", "{CEBAC2D8-79B6-4667-A4CC-97671BE53215}"
EndProject
Project("{2150E333-8FDC-42A3-9474-1A3956D46DE8}") = "prepare", "prepare", "{6DAFF340-9999-47E7-8603-AF66AAD5EA6C}"
EndProject
Project("{9A19103F-16F7-4668-BE54-9A1E7A4F7556}") = "Learning02", "prepare\Learning02\Learning02.csproj", "{80B426FE-F52F-4938-8669-FB3820BF800E}"
EndProject
Project("{9A19103F-16F7-4668-BE54-9A1E7A4F7556}") = "Learning03", "prepare\Learning03\Learning03.csproj", "{090673CC-96B8-440E-B0FD-2EEFF47ABA40}"
EndProject
Project("{9A19103F-16F7-4668-BE54-9A1E7A4F7556}") = "Learning04", "prepare\Learning04\Learning04.csproj", "{EC4A08BE-8634-487B-BBDB-B191A1EA6798}"
EndProject
Project("{9A19103F-16F7-4668-BE54-9A1E7A4F7556}") = "Learning05", "prepare\Learning05\Learning05.csproj", "{145E6F0E-6C75-4BD3-9913-6DC453FB2BF0}"
EndProject
Project("{2150E333-8FDC-42A3-9474-1A3956D46DE8}") = "prove", "prove", "{CE3438DD-9654-4B95-8641-48386087B8FE}"
EndProject
Project("{9A19103F-16F7-4668-BE54-9A1E7A4F7556}") = "Develop02", "prove\Develop02\Develop02.csproj", "{BB44E8AA-ABDB-4872-8158-A5BBCE9A36A7}"
EndProject
Project("{9A19103F-16F7-4668-BE54-9A1E7A4F7556}") = "Develop03", "prove\Develop03\Develop03.csproj", "{25CE291A-889C-4C76-84A9-9042DBE8F558}"
EndProject
Project("{9A19103F-16F7-4668-BE54-9A1E7A4F7556}") = "Develop04", "prove\Develop04\Develop04.csproj", "{7A0945AA-E92F-4174-8FF1-A649432591E0}"
EndProject
Project("{9A19103F-16F7-4668-BE54-9A1E7A4F7556}") = "Develop05", "prove\Develop05\Develop05.csproj", "{C131FAF7-6D0F-408A-922D-4D6466E0156C}"
EndProject
Project("{2150E333-8FDC-42A3-9474-1A3956D46DE8}") = "sandbox", "sandbox", "{E3BEDD10-8ABC-4C21-A4A1-6738EE0A49F7}"
EndProject
Project("{9A19103F-16F7-4668-BE54-9A1E7A4F7556}") = "Sandbox", "sandbox\Sandbox\Sandbox.csproj", "{1F7D28E3-DB52-4DEB-A618-B07675F0BA74}"
EndProject
Global
	GlobalSection(SolutionConfigurationPlatforms) = preSolution
		Debug|Any CPU = Debug|Any CPU
		Release|Any CPU = Release|Any CPU
	EndGlobalSection
	GlobalSection(ProjectConfigurationPlatforms) = postSolution
		{B25DA065-B1E4-41E7-AF14-C5B8B26DC6FF}.Debug|Any CPU.ActiveCfg = Debug|Any CPU
		{B25DA065-B1E4-41E7-AF14-C5B8B26DC6FF}.Debug|Any CPU.Build.0 = Debug|Any CPU
		{B25DA065-B1E4-41E7-AF14-C5B8B26DC6FF}.Release|Any CPU.ActiveCfg = Release|Any CPU
		{B25DA065-B1E4-41E7-AF14-C5B8B26DC6FF}.Release|Any CPU.Build.0 = Release|Any CPU
		{A9AA2A24-DC16-4AC2-8BD2-C0EB0274C262}.Debug|Any CPU.ActiveCfg = Debug|Any CPU
		{A9AA2A24-DC16-4AC2-8BD2-C0EB0274C262}.Debug|Any CPU.Build.0 = Debug|Any CPU
		{A9AA2A24-DC16-4AC2-8BD2-C0EB0274C262}.Release|Any CPU.ActiveCfg = Release|Any CPU
		{A9AA2A24-DC16-4AC2-8BD2-C0EB0274C262}.Release|Any CPU.Build.0 = Release|Any CPU
		{55B090C1-5283-4B66-80BA-4D5B92A10057}.Debug|Any CPU.ActiveCfg = Debug|Any CPU
		{55B090C1-5283-4B66-80BA-4D5B92A10057}.Debug|Any CPU.Build.0 = Debug|Any CPU
		{55B090C1-5283-4B66-80BA-4D5B92A10057}.Release|Any CPU.ActiveCfg = Release|Any CPU
		{55B090C1-5283-4B66-80BA-4D5B92A10057}.Release|Any CPU.Build.0 = Release|Any CPU
		{0F92C067-2185-4A65-A5FA-D8D0E17D6473}.Debug|Any CPU.ActiveCfg = Debug|Any CPU
		{0F92C067-2185-4A65-A5FA-D8D0E17D6473}.Debug|Any CPU.Build.0 = Debug|Any CPU
		{0F92C067-2185-4A65-A5FA-D8D0E17D6473}.Release|Any CPU.ActiveCfg = Release|Any CPU
		{0F92C067-2185-4A65-A5FA-D8D0E17D6473}.Release|Any CPU.Build.0 = Release|Any CPU
		{B22FFB66-5D3B-4B28-A9C7-9BF4F33B525C}.Debug|Any CPU.ActiveCfg = Debug|Any CPU
		{B22FFB66-5D3B-4B28-A9C7-9BF4F33B525C}.Debug|Any CPU.Build.0 = Debug|Any CPU
		{B22FFB66-5D3B-4B28-A9C7-9BF4F33B525C}.Release|Any CPU.ActiveCfg = Release|Any CPU
		{B22FFB66-5D3B-4B28-A9C7-9BF4F33B525C}.Release|Any CPU.Build.0 = Release|Any CPU
		{F007258C-378B-4158-96C5-4D38E994B965}.Debug|Any CPU.ActiveCfg = Debug|Any CPU
		{F007258C-378B-4158-96C5-4D38E994B965}.Debug|Any CPU.Build.0 = Debug|Any CPU
		{F007258C-378B-4158-96C5-4D38E994B965}.Release|Any CPU.ActiveCfg = Release|Any CPU
		{F007258C-378B-4158-96C5-4D38E994B965}.Release|Any CPU.Build.0 = Release|Any CPU
		{904993DB-553A-4745-9B93-C25D2AB68A1B}.Debug|Any CPU.ActiveCfg = Debug|Any CPU
		{904993DB-553A-4745-9B93-C25D2AB68A1B}.Debug|Any CPU.Build.0 = Debug|Any CPU
		{904993DB-553A-4745-9B93-C25D2AB68A1B}.Release|Any CPU.ActiveCfg = Release|Any CPU
		{904993DB-553A-4745-9B93-C25D2AB68A1B}.Release|Any CPU.Build.0 = Release|Any CPU
		{4098F39B-C4A9-464D-8936-F392DBDBB8A7}.Debug|Any CPU.ActiveCfg = Debug|Any CPU
		{4098F39B-C4A9-464D-8936-F392DBDBB8A7}.Debug|Any CPU.Build.0 = Debug|Any CPU
		{4098F39B-C4A9-464D-8936-F392DBDBB8A7}.Release|Any CPU.ActiveCfg = Release|Any CPU
		{4098F39B-C4A9-464D-8936-F392DBDBB8A7}.Release|Any CPU.Build.0 = Release|Any CPU
		{F99A09AD-2015-4BAA-B005-706BEB6E5B85}.Debug|Any CPU.ActiveCfg = Debug|Any CPU
		{F99A09AD-2015-4BAA-B005-706BEB6E5B85}.Debug|Any CPU.Build.0 = Debug|Any CPU
		{F99A09AD-2015-4BAA-B005-706BEB6E5B85}.Release|Any CPU.ActiveCfg = Release|Any CPU
		{F99A09AD-2015-4BAA-B005-706BEB6E5B85}.Release|Any CPU.Build.0 = Release|Any CPU
		{CEBAC2D8-79B6-4667-A4CC-97671BE53215}.Debug|Any CPU.ActiveCfg = Debug|Any CPU
		{CEBAC2D8-79B6-4667-A4CC-97671BE53215}.Debug|Any CPU.Build.0 = Debug|Any CPU
		{CEBAC2D8-79B6-4667-A4CC-97671BE53215}.Release|Any CPU.ActiveCfg = Release|Any CPU
		{CEBAC2D8-79B6-4667-A4CC-97671BE53215}.Release|Any CPU.Build.0 = Release|Any CPU
		{80B426FE-F52F-4938-8669-FB3820BF800E}.Debug|Any CPU.ActiveCfg = Debug|Any CPU
		{80B426FE-F52F-4938-8669-FB3820BF800E}.Debug|Any CPU.Build.0 = Debug|Any CPU
		{80B426FE-F52F-4938-8669-FB3820BF800E}.Release|Any CPU.ActiveCfg = Release|Any CPU
		{80B426FE-F52F-4938-8669-FB3820BF800E}.Release|Any CPU.Build.0 = Release|Any CPU
		{090673CC-96B8-440E-B0FD-2EEFF47ABA40}.Debug|Any CPU.ActiveCfg = Debug|Any CPU
		{090673CC-96B8-440E-B0FD-2EEFF47ABA40}.Debug|Any CPU.Build.0 = Debug|Any CPU
		{090673CC-96B8-440E-B0FD-2EEFF47ABA40}.Release|Any CPU.ActiveCfg = Release|Any CPU
		{090673CC-96B8-440E-B0FD-2EEFF47ABA40}.Release|Any CPU.Build.0 = Release|Any CPU
		{EC4A08BE-8634-487B-BBDB-B191A1EA6798}.Debug|Any CPU.ActiveCfg = Debug|Any CPU
		{EC4A08BE-8634-487B-BBDB-B191A1EA6798}.Debug|Any CPU.Build.0 = Debug|Any CPU
		{EC4A08BE-8634-487B-BBDB-B191A1EA6798}.Release|Any CPU.ActiveCfg = Release|Any CPU
		{EC4A08BE-8634-487B-BBDB-B191A1EA6798}.Release|Any CPU.Build.0 = Release|Any CPU
		{145E6F0E-6C75-4BD3-9913-6DC453FB2BF0}.Debug|Any CPU.ActiveCfg = Debug|Any CPU
		{145E6F0E-6C75-4BD3-9913-6DC453FB2BF0}.Debug|Any CPU.Build.0 = Debug|Any CPU
		{145E6F0E-6C75-4BD3-9913-6DC453FB2BF0}.Release|Any CPU.ActiveCfg = Release|Any CPU
		{145E6F0E-6C75-4BD3-9913-6DC453FB2BF0}.Release|Any CPU.Build.0 = Release|Any CPU
		{BB44E8AA-ABDB-4872-8158-A5BBCE9A36A7}.Debug|Any CPU.ActiveCfg = Debug|Any CPU
		{BB44E8AA-ABDB-4872-8158-A5BBCE9A36A7}.Debug|Any CPU.Build.0 = Debug|Any CPU
		{BB44E8AA-ABDB-4872-8158-A5BBCE9A36A7}.Release|Any CPU.ActiveCfg = Release|Any CPU
		{BB44E8AA-ABDB-4872-8158-A5BBCE9A36A7}.Release|Any CPU.Build.0 = Release|Any CPU
		{25CE291A-889C-4C76-84A9-9042DBE8F558}.Debug|Any CPU.ActiveCfg = Debug|Any CPU
		{25CE291A-889C-4C76-84A9-9042DBE8F558}.Debug|Any CPU.Build.0 = Debug|Any CPU
		{25CE291A-889C-4C76-84A9-9042DBE8F558}.Release|Any CPU.ActiveCfg = Release|Any CPU
		{25CE291A-889C-4C76-84A9-9042DBE8F558}.Release|Any CPU.Build.0 = Release|Any CPU
		{7A0945AA-E92F-4174-8FF1-A649432591E0}.Debug|Any CPU.ActiveCfg = Debug|Any CPU
		{7A0945AA-E92F-4174-8FF1-A649432591E0}.Debug|Any CPU.Build.0 = Debug|Any CPU
		{7A0945AA-E92F-4174-8FF1-A649432591E0}.Release|Any CPU.ActiveCfg = Release|Any CPU
		{7A0945AA-E92F-4174-8FF1-A649432591E0}.Release|Any CPU.Build.0 = Release|Any CPU
		{C131FAF7-6D0F-408A-922D-4D6466E0156C}.Debug|Any CPU.ActiveCfg = Debug|Any CPU
		{C131FAF7-6D0F-408A-922D-4D6466E0156C}.Debug|Any CPU.Build.0 = Debug|Any CPU
		{C131FAF7-6D0F-408A-922D-4D6466E0156C}.Release|Any CPU.ActiveCfg = Release|Any CPU
		{C131FAF7-6D0F-408A-922D-4D6466E0156C}.Release|Any CPU.Build.0 = Release|Any CPU
		{1F7D28E3-DB52-4DEB-A618-B07675F0BA74}.Debug|Any CPU.ActiveCfg = Debug|Any CPU
		{1F7D28E3-DB52-4DEB-A618-B07675F0BA74}.Debug|Any CPU.Build.0 = Debug|Any CPU
		{1F7D28E3-DB52-4DEB-A618-B07675F0BA74}.Release|Any CPU.ActiveCfg = Release|Any CPU
		{1F7D28E3-DB52-4DEB-A618-B07675F0BA74}.Release|Any CPU.Build.0 = Release|Any CPU
	EndGlobalSection
	GlobalSection(SolutionProperties) = preSolution
		HideSolutionNode = FALSE
	EndGlobalSection
	GlobalSection(NestedProjects) = preSolution
		{B25DA065-B1E4-41E7-AF14-C5B8B26DC6FF} = {51DAA4D5-8DEC-4B0B-9054-C04AE6953501}
		{A9AA2A24-DC16-4AC2-8BD2-C0EB0274C262} = {51DAA4D5-8DEC-4B0B-9054-C04AE6953501}
		{55B090C1-5283-4B66-80BA-4D5B92A10057} = {51DAA4D5-8DEC-4B0B-9054-C04AE6953501}
		{0F92C067-2185-4A65-A5FA-D8D0E17D6473} = {51DAA4D5-8DEC-4B0B-9054-C04AE6953501}
		{B22FFB66-5D3B-4B28-A9C7-9BF4F33B525C} = {51DAA4D5-8DEC-4B0B-9054-C04AE6953501}
		{F007258C-378B-4158-96C5-4D38E994B965} = {BBD7AE55-144A-43F9-92DD-59FBB19BDD69}
		{904993DB-553A-4745-9B93-C25D2AB68A1B} = {BBD7AE55-144A-43F9-92DD-59FBB19BDD69}
		{4098F39B-C4A9-464D-8936-F392DBDBB8A7} = {BBD7AE55-144A-43F9-92DD-59FBB19BDD69}
		{F99A09AD-2015-4BAA-B005-706BEB6E5B85} = {BBD7AE55-144A-43F9-92DD-59FBB19BDD69}
		{CEBAC2D8-79B6-4667-A4CC-97671BE53215} = {BBD7AE55-144A-43F9-92DD-59FBB19BDD69}
		{80B426FE-F52F-4938-8669-FB3820BF800E} = {6DAFF340-9999-47E7-8603-AF66AAD5EA6C}
		{090673CC-96B8-440E-B0FD-2EEFF47ABA40} = {6DAFF340-9999-47E7-8603-AF66AAD5EA6C}
		{EC4A08BE-8634-487B-BBDB-B191A1EA6798} = {6DAFF340-9999-47E7-8603-AF66AAD5EA6C}
		{145E6F0E-6C75-4BD3-9913-6DC453FB2BF0} = {6DAFF340-9999-47E7-8603-AF66AAD5EA6C}
		{BB44E8AA-ABDB-4872-8158-A5BBCE9A36A7} = {CE3438DD-9654-4B95-8641-48386087B8FE}
		{25CE291A-889C-4C76-84A9-9042DBE8F558} = {CE3438DD-9654-4B95-8641-48386087B8FE}
		{7A0945AA-E92F-4174-8FF1-A649432591E0} = {CE3438DD-9654-4B95-8641-48386087B8FE}
		{C131FAF7-6D0F-408A-922D-4D6466E0156C} = {CE3438DD-9654-4B95-8641-48386087B8FE}
		{1F7D28E3-DB52-4DEB-A618-B07675F0BA74} = {E3BEDD10-8ABC-4C21-A4A1-6738EE0A49F7}
	EndGlobalSection
	GlobalSection(ExtensibilityGlobals) = postSolution
		SolutionGuid = {3B4AFCDF-9FF0-47A7-ACA6-F40055A8CB83}
	EndGlobalSection
EndGlobal
